
Microsoft Visual Studio Solution File, Format Version 11.00
# Visual Studio 2010
Project("{FAE04EC0-301F-11D3-BF4B-00C04F79EFBC}") = "Petrify.Core", "src\Petrify.Core\Petrify.Core.csproj", "{B45DCB7F-C2FB-4F12-8A1D-700418CF3C9F}"
EndProject
Project("{FAE04EC0-301F-11D3-BF4B-00C04F79EFBC}") = "Petrify.MongoDB", "src\Petrify.MongoDB\Petrify.MongoDB.csproj", "{551B7D8F-69B5-4779-AF75-525A75AB2C13}"
EndProject
Project("{FAE04EC0-301F-11D3-BF4B-00C04F79EFBC}") = "Petrify.Core.Test", "test\Petrify.Core.Test\Petrify.Core.Test.csproj", "{00BCD6B8-9A2C-4E64-A10A-DB97AB97AA52}"
EndProject
Project("{FAE04EC0-301F-11D3-BF4B-00C04F79EFBC}") = "Petrify.MongoDB.Test", "test\Petrify.MongoDB.Test\Petrify.MongoDB.Test.csproj", "{F264EE03-0C15-44F6-8029-BE1AF9C36AE0}"
EndProject
Project("{FAE04EC0-301F-11D3-BF4B-00C04F79EFBC}") = "Basic", "example\Basic\Basic.csproj", "{67D0F6A5-2A92-4694-A096-8C31ABDDA865}"
EndProject
Global
	GlobalSection(SolutionConfigurationPlatforms) = preSolution
		Debug|Any CPU = Debug|Any CPU
		Release|Any CPU = Release|Any CPU
	EndGlobalSection
	GlobalSection(ProjectConfigurationPlatforms) = postSolution
		{00BCD6B8-9A2C-4E64-A10A-DB97AB97AA52}.Debug|Any CPU.ActiveCfg = Debug|Any CPU
		{00BCD6B8-9A2C-4E64-A10A-DB97AB97AA52}.Debug|Any CPU.Build.0 = Debug|Any CPU
		{00BCD6B8-9A2C-4E64-A10A-DB97AB97AA52}.Release|Any CPU.ActiveCfg = Release|Any CPU
		{00BCD6B8-9A2C-4E64-A10A-DB97AB97AA52}.Release|Any CPU.Build.0 = Release|Any CPU
		{551B7D8F-69B5-4779-AF75-525A75AB2C13}.Debug|Any CPU.ActiveCfg = Debug|Any CPU
		{551B7D8F-69B5-4779-AF75-525A75AB2C13}.Debug|Any CPU.Build.0 = Debug|Any CPU
		{551B7D8F-69B5-4779-AF75-525A75AB2C13}.Release|Any CPU.ActiveCfg = Release|Any CPU
		{551B7D8F-69B5-4779-AF75-525A75AB2C13}.Release|Any CPU.Build.0 = Release|Any CPU
		{67D0F6A5-2A92-4694-A096-8C31ABDDA865}.Debug|Any CPU.ActiveCfg = Debug|Any CPU
		{67D0F6A5-2A92-4694-A096-8C31ABDDA865}.Debug|Any CPU.Build.0 = Debug|Any CPU
		{67D0F6A5-2A92-4694-A096-8C31ABDDA865}.Release|Any CPU.ActiveCfg = Release|Any CPU
		{67D0F6A5-2A92-4694-A096-8C31ABDDA865}.Release|Any CPU.Build.0 = Release|Any CPU
		{B45DCB7F-C2FB-4F12-8A1D-700418CF3C9F}.Debug|Any CPU.ActiveCfg = Debug|Any CPU
		{B45DCB7F-C2FB-4F12-8A1D-700418CF3C9F}.Debug|Any CPU.Build.0 = Debug|Any CPU
		{B45DCB7F-C2FB-4F12-8A1D-700418CF3C9F}.Release|Any CPU.ActiveCfg = Release|Any CPU
		{B45DCB7F-C2FB-4F12-8A1D-700418CF3C9F}.Release|Any CPU.Build.0 = Release|Any CPU
		{F264EE03-0C15-44F6-8029-BE1AF9C36AE0}.Debug|Any CPU.ActiveCfg = Debug|Any CPU
		{F264EE03-0C15-44F6-8029-BE1AF9C36AE0}.Debug|Any CPU.Build.0 = Debug|Any CPU
		{F264EE03-0C15-44F6-8029-BE1AF9C36AE0}.Release|Any CPU.ActiveCfg = Release|Any CPU
		{F264EE03-0C15-44F6-8029-BE1AF9C36AE0}.Release|Any CPU.Build.0 = Release|Any CPU
	EndGlobalSection
	GlobalSection(MonoDevelopProperties) = preSolution
		StartupItem = example\Basic\Basic.csproj
		Policies = $0
		$0.DotNetNamingPolicy = $1
		$1.DirectoryNamespaceAssociation = PrefixedHierarchical
		$1.ResourceNamePolicy = FileFormatDefault
		$0.TextStylePolicy = $2
		$2.inheritsSet = null
		$2.scope = text/x-csharp
		$0.CSharpFormattingPolicy = $3
		$3.PropertyBraceStyle = NextLine
		$3.PropertyGetBraceStyle = NextLine
		$3.PropertySetBraceStyle = NextLine
		$3.EventBraceStyle = NextLine
		$3.EventAddBraceStyle = NextLine
		$3.EventRemoveBraceStyle = NextLine
		$3.StatementBraceStyle = NextLine
		$3.ElseIfNewLinePlacement = SameLine
		$3.AfterDelegateDeclarationParameterComma = True
		$3.inheritsSet = Mono
		$3.inheritsScope = text/x-csharp
		$3.scope = text/x-csharp
		$0.StandardHeader = $4
		$4.Text = @Copyright ${Year} ${CopyrightHolder}\n\nLicensed under the Apache License, Version 2.0 (the "License");\nyou may not use this file except in compliance with the License.\nYou may obtain a copy of the License at\n\n    http://www.apache.org/licenses/LICENSE-2.0\n\nUnless required by applicable law or agreed to in writing, software\ndistributed under the License is distributed on an "AS IS" BASIS,\nWITHOUT WARRANTIES OR CONDITIONS OF ANY KIND, either express or implied.\nSee the License for the specific language governing permissions and\nlimitations under the License.\n
		$4.IncludeInNewFiles = True
		$0.NameConventionPolicy = $5
		$5.Rules = $6
		$6.NamingRule = $7
		$7.Name = Namespaces
		$7.AffectedEntity = Namespace
		$7.VisibilityMask = VisibilityMask
		$7.NamingStyle = PascalCase
		$7.IncludeInstanceMembers = True
		$7.IncludeStaticEntities = True
		$6.NamingRule = $8
		$8.Name = Types
		$8.AffectedEntity = Class, Struct, Enum, Delegate
		$8.VisibilityMask = Public
		$8.NamingStyle = PascalCase
		$8.IncludeInstanceMembers = True
		$8.IncludeStaticEntities = True
		$6.NamingRule = $9
		$9.Name = Interfaces
		$9.RequiredPrefixes = $10
		$10.String = I
		$9.AffectedEntity = Interface
		$9.VisibilityMask = Public
		$9.NamingStyle = PascalCase
		$9.IncludeInstanceMembers = True
		$9.IncludeStaticEntities = True
		$6.NamingRule = $11
		$11.Name = Attributes
		$11.RequiredSuffixes = $12
		$12.String = Attribute
		$11.AffectedEntity = CustomAttributes
		$11.VisibilityMask = Public
		$11.NamingStyle = PascalCase
		$11.IncludeInstanceMembers = True
		$11.IncludeStaticEntities = True
		$6.NamingRule = $13
		$13.Name = Event Arguments
		$13.RequiredSuffixes = $14
		$14.String = EventArgs
		$13.AffectedEntity = CustomEventArgs
		$13.VisibilityMask = Public
		$13.NamingStyle = PascalCase
		$13.IncludeInstanceMembers = True
		$13.IncludeStaticEntities = True
		$6.NamingRule = $15
		$15.Name = Exceptions
		$15.RequiredSuffixes = $16
		$16.String = Exception
		$15.AffectedEntity = CustomExceptions
		$15.VisibilityMask = VisibilityMask
		$15.NamingStyle = PascalCase
		$15.IncludeInstanceMembers = True
		$15.IncludeStaticEntities = True
		$6.NamingRule = $17
		$17.Name = Methods
		$17.AffectedEntity = Methods
		$17.VisibilityMask = Protected, Public
		$17.NamingStyle = PascalCase
		$17.IncludeInstanceMembers = True
		$17.IncludeStaticEntities = True
		$6.NamingRule = $18
		$18.Name = Static Readonly Fields
		$18.AffectedEntity = ReadonlyField
		$18.VisibilityMask = Protected, Public
		$18.NamingStyle = PascalCase
		$18.IncludeInstanceMembers = False
		$18.IncludeStaticEntities = True
		$6.NamingRule = $19
		$19.Name = Fields
		$19.RequiredPrefixes = $20
		$20.String = _
		$19.AffectedEntity = Class, Field
		$19.VisibilityMask = Protected, Public
		$19.NamingStyle = CamelCase
		$19.IncludeInstanceMembers = True
		$19.IncludeStaticEntities = True
		$6.NamingRule = $21
		$21.Name = ReadOnly Fields
		$21.AffectedEntity = ReadonlyField
		$21.VisibilityMask = Protected, Public
		$21.NamingStyle = PascalCase
		$21.IncludeInstanceMembers = True
		$21.IncludeStaticEntities = False
		$6.NamingRule = $22
		$22.Name = Constant Fields
		$22.AffectedEntity = ConstantField
		$22.VisibilityMask = Protected, Public
		$22.NamingStyle = PascalCase
		$22.IncludeInstanceMembers = True
		$22.IncludeStaticEntities = True
		$6.NamingRule = $23
		$23.Name = Properties
		$23.AffectedEntity = Property
		$23.VisibilityMask = Protected, Public
		$23.NamingStyle = PascalCase
		$23.IncludeInstanceMembers = True
		$23.IncludeStaticEntities = True
		$6.NamingRule = $24
		$24.Name = Events
		$24.AffectedEntity = Event
		$24.VisibilityMask = Protected, Public
		$24.NamingStyle = PascalCase
		$24.IncludeInstanceMembers = True
		$24.IncludeStaticEntities = True
		$6.NamingRule = $25
		$25.Name = Enum Members
		$25.AffectedEntity = EnumMember
		$25.VisibilityMask = VisibilityMask
		$25.NamingStyle = PascalCase
		$25.IncludeInstanceMembers = True
		$25.IncludeStaticEntities = True
		$6.NamingRule = $26
		$26.Name = Parameters
		$26.AffectedEntity = Parameter
		$26.VisibilityMask = VisibilityMask
		$26.NamingStyle = CamelCase
		$26.IncludeInstanceMembers = True
		$26.IncludeStaticEntities = True
		$6.NamingRule = $27
		$27.Name = Type Parameters
		$27.RequiredPrefixes = $28
		$28.String = T
		$27.AffectedEntity = TypeParameter
		$27.VisibilityMask = VisibilityMask
		$27.NamingStyle = PascalCase
		$27.IncludeInstanceMembers = True
		$27.IncludeStaticEntities = True
		$0.TextStylePolicy = $29
		$29.inheritsSet = null
		$29.scope = application/xml
		$0.XmlFormattingPolicy = $30
		$30.inheritsSet = Mono
		$30.inheritsScope = application/xml
		$30.scope = application/xml
		$0.TextStylePolicy = $31
		$31.inheritsSet = null
		$31.scope = application/config+xml
		$0.XmlFormattingPolicy = $32
		$32.inheritsSet = null
		$32.scope = application/config+xml
		version = 0.0.1-alpha
	EndGlobalSection
EndGlobal
